
Microsoft Visual Studio Solution File, Format Version 12.00
# Visual Studio for Mac
Project("{FAE04EC0-301F-11D3-BF4B-00C04F79EFBC}") = "Assembly-CSharp", "Assembly-CSharp.csproj", "{B30A56D7-1A88-931F-F526-3BBBB2115348}"
EndProject
Project("{FAE04EC0-301F-11D3-BF4B-00C04F79EFBC}") = "Assembly-CSharp-Editor", "Assembly-CSharp-Editor.csproj", "{72297B3A-9AFB-8081-CEAD-C9DF1733FA63}"
EndProject
Global
	GlobalSection(SolutionConfigurationPlatforms) = preSolution
		Debug|Any CPU = Debug|Any CPU
		Release|Any CPU = Release|Any CPU
	EndGlobalSection
	GlobalSection(ProjectConfigurationPlatforms) = postSolution
		{B30A56D7-1A88-931F-F526-3BBBB2115348}.Debug|Any CPU.ActiveCfg = Debug|Any CPU
		{B30A56D7-1A88-931F-F526-3BBBB2115348}.Debug|Any CPU.Build.0 = Debug|Any CPU
		{B30A56D7-1A88-931F-F526-3BBBB2115348}.Release|Any CPU.ActiveCfg = Release|Any CPU
		{B30A56D7-1A88-931F-F526-3BBBB2115348}.Release|Any CPU.Build.0 = Release|Any CPU
		{72297B3A-9AFB-8081-CEAD-C9DF1733FA63}.Debug|Any CPU.ActiveCfg = Debug|Any CPU
		{72297B3A-9AFB-8081-CEAD-C9DF1733FA63}.Debug|Any CPU.Build.0 = Debug|Any CPU
		{72297B3A-9AFB-8081-CEAD-C9DF1733FA63}.Release|Any CPU.ActiveCfg = Release|Any CPU
		{72297B3A-9AFB-8081-CEAD-C9DF1733FA63}.Release|Any CPU.Build.0 = Release|Any CPU
	EndGlobalSection
	GlobalSection(SolutionProperties) = preSolution
		HideSolutionNode = FALSE
	EndGlobalSection
EndGlobal
